
Microsoft Visual Studio Solution File, Format Version 12.00
# Visual Studio Version 17
VisualStudioVersion = 17.3.32901.215
MinimumVisualStudioVersion = 10.0.40219.1
Project("{FAE04EC0-301F-11D3-BF4B-00C04F79EFBC}") = "TP1LAB2 2", "TP1LAB2 2\TP1LAB2 2.csproj", "{74462202-0EE9-40AC-AA16-01C7CB88A2E9}"
EndProject
Global
	GlobalSection(SolutionConfigurationPlatforms) = preSolution
		Debug|Any CPU = Debug|Any CPU
		Release|Any CPU = Release|Any CPU
	EndGlobalSection
	GlobalSection(ProjectConfigurationPlatforms) = postSolution
		{74462202-0EE9-40AC-AA16-01C7CB88A2E9}.Debug|Any CPU.ActiveCfg = Debug|Any CPU
		{74462202-0EE9-40AC-AA16-01C7CB88A2E9}.Debug|Any CPU.Build.0 = Debug|Any CPU
		{74462202-0EE9-40AC-AA16-01C7CB88A2E9}.Release|Any CPU.ActiveCfg = Release|Any CPU
		{74462202-0EE9-40AC-AA16-01C7CB88A2E9}.Release|Any CPU.Build.0 = Release|Any CPU
	EndGlobalSection
	GlobalSection(SolutionProperties) = preSolution
		HideSolutionNode = FALSE
	EndGlobalSection
	GlobalSection(ExtensibilityGlobals) = postSolution
		SolutionGuid = {1A5CED22-0F46-4BA9-B86D-23C170D00C04}
	EndGlobalSection
EndGlobal
